// !$*UTF8*$!
{
	archiveVersion = 1;
	classes = {
	};
	objectVersion = 56;
	objects = {

/* Begin PBXBuildFile section */
		04D81ED42B24974500187F54 /* AppDelegate.swift in Sources */ = {isa = PBXBuildFile; fileRef = 04D81ED32B24974500187F54 /* AppDelegate.swift */; };
		04D81ED62B24974500187F54 /* SceneDelegate.swift in Sources */ = {isa = PBXBuildFile; fileRef = 04D81ED52B24974500187F54 /* SceneDelegate.swift */; };
		04D81ED82B24974500187F54 /* MainViewController.swift in Sources */ = {isa = PBXBuildFile; fileRef = 04D81ED72B24974500187F54 /* MainViewController.swift */; };
		04D81EDD2B24974800187F54 /* Assets.xcassets in Resources */ = {isa = PBXBuildFile; fileRef = 04D81EDC2B24974800187F54 /* Assets.xcassets */; };
		04D81EE02B24974800187F54 /* LaunchScreen.storyboard in Resources */ = {isa = PBXBuildFile; fileRef = 04D81EDE2B24974800187F54 /* LaunchScreen.storyboard */; };
		04D81EEF2B24AA5100187F54 /* CharacterDetailsViewController.swift in Sources */ = {isa = PBXBuildFile; fileRef = 04D81EEE2B24AA5100187F54 /* CharacterDetailsViewController.swift */; };
		04D81EF12B24AA8A00187F54 /* FavouritesViewController.swift in Sources */ = {isa = PBXBuildFile; fileRef = 04D81EF02B24AA8A00187F54 /* FavouritesViewController.swift */; };
		04D81EF32B251DAD00187F54 /* RickAndMortyModel.swift in Sources */ = {isa = PBXBuildFile; fileRef = 04D81EF22B251DAD00187F54 /* RickAndMortyModel.swift */; };
		04D81EF52B251EE200187F54 /* MainTabBarController.swift in Sources */ = {isa = PBXBuildFile; fileRef = 04D81EF42B251EE200187F54 /* MainTabBarController.swift */; };
		04D81EF72B2521A400187F54 /* EpisodesViewController.swift in Sources */ = {isa = PBXBuildFile; fileRef = 04D81EF62B2521A400187F54 /* EpisodesViewController.swift */; };
		04D81EF92B25F13C00187F54 /* EpisodeCustomCell.swift in Sources */ = {isa = PBXBuildFile; fileRef = 04D81EF82B25F13C00187F54 /* EpisodeCustomCell.swift */; };
		04D81EFC2B25FF5300187F54 /* NetworkManager.swift in Sources */ = {isa = PBXBuildFile; fileRef = 04D81EFB2B25FF5300187F54 /* NetworkManager.swift */; };
		F4A000CF2B30B5F700CC5312 /* LoadingViewController.swift in Sources */ = {isa = PBXBuildFile; fileRef = F4A000CE2B30B5F700CC5312 /* LoadingViewController.swift */; };
		F4A000D12B30C60400CC5312 /* backgroundMusic.mp3 in Resources */ = {isa = PBXBuildFile; fileRef = F4A000D02B30C60400CC5312 /* backgroundMusic.mp3 */; };
		F4A000D32B30C61900CC5312 /* SoundController.swift in Sources */ = {isa = PBXBuildFile; fileRef = F4A000D22B30C61900CC5312 /* SoundController.swift */; };
/* End PBXBuildFile section */

/* Begin PBXFileReference section */
		04D81ED02B24974500187F54 /* RickAndMortyTest.app */ = {isa = PBXFileReference; explicitFileType = wrapper.application; includeInIndex = 0; path = RickAndMortyTest.app; sourceTree = BUILT_PRODUCTS_DIR; };
		04D81ED32B24974500187F54 /* AppDelegate.swift */ = {isa = PBXFileReference; lastKnownFileType = sourcecode.swift; path = AppDelegate.swift; sourceTree = "<group>"; };
		04D81ED52B24974500187F54 /* SceneDelegate.swift */ = {isa = PBXFileReference; lastKnownFileType = sourcecode.swift; path = SceneDelegate.swift; sourceTree = "<group>"; };
		04D81ED72B24974500187F54 /* MainViewController.swift */ = {isa = PBXFileReference; lastKnownFileType = sourcecode.swift; path = MainViewController.swift; sourceTree = "<group>"; };
		04D81EDC2B24974800187F54 /* Assets.xcassets */ = {isa = PBXFileReference; lastKnownFileType = folder.assetcatalog; path = Assets.xcassets; sourceTree = "<group>"; };
		04D81EDF2B24974800187F54 /* Base */ = {isa = PBXFileReference; lastKnownFileType = file.storyboard; name = Base; path = Base.lproj/LaunchScreen.storyboard; sourceTree = "<group>"; };
		04D81EE12B24974800187F54 /* Info.plist */ = {isa = PBXFileReference; lastKnownFileType = text.plist.xml; path = Info.plist; sourceTree = "<group>"; };
		04D81EEE2B24AA5100187F54 /* CharacterDetailsViewController.swift */ = {isa = PBXFileReference; lastKnownFileType = sourcecode.swift; path = CharacterDetailsViewController.swift; sourceTree = "<group>"; };
		04D81EF02B24AA8A00187F54 /* FavouritesViewController.swift */ = {isa = PBXFileReference; lastKnownFileType = sourcecode.swift; path = FavouritesViewController.swift; sourceTree = "<group>"; };
		04D81EF22B251DAD00187F54 /* RickAndMortyModel.swift */ = {isa = PBXFileReference; lastKnownFileType = sourcecode.swift; path = RickAndMortyModel.swift; sourceTree = "<group>"; };
		04D81EF42B251EE200187F54 /* MainTabBarController.swift */ = {isa = PBXFileReference; lastKnownFileType = sourcecode.swift; path = MainTabBarController.swift; sourceTree = "<group>"; };
		04D81EF62B2521A400187F54 /* EpisodesViewController.swift */ = {isa = PBXFileReference; lastKnownFileType = sourcecode.swift; path = EpisodesViewController.swift; sourceTree = "<group>"; };
		04D81EF82B25F13C00187F54 /* EpisodeCustomCell.swift */ = {isa = PBXFileReference; lastKnownFileType = sourcecode.swift; path = EpisodeCustomCell.swift; sourceTree = "<group>"; };
		04D81EFB2B25FF5300187F54 /* NetworkManager.swift */ = {isa = PBXFileReference; lastKnownFileType = sourcecode.swift; path = NetworkManager.swift; sourceTree = "<group>"; };
		F4A000CE2B30B5F700CC5312 /* LoadingViewController.swift */ = {isa = PBXFileReference; lastKnownFileType = sourcecode.swift; path = LoadingViewController.swift; sourceTree = "<group>"; };
		F4A000D02B30C60400CC5312 /* backgroundMusic.mp3 */ = {isa = PBXFileReference; lastKnownFileType = audio.mp3; name = backgroundMusic.mp3; path = ../Resource/backgroundMusic.mp3; sourceTree = "<group>"; };
		F4A000D22B30C61900CC5312 /* SoundController.swift */ = {isa = PBXFileReference; lastKnownFileType = sourcecode.swift; path = SoundController.swift; sourceTree = "<group>"; };
/* End PBXFileReference section */

/* Begin PBXFrameworksBuildPhase section */
		04D81ECD2B24974500187F54 /* Frameworks */ = {
			isa = PBXFrameworksBuildPhase;
			buildActionMask = 2147483647;
			files = (
			);
			runOnlyForDeploymentPostprocessing = 0;
		};
/* End PBXFrameworksBuildPhase section */

/* Begin PBXGroup section */
		04D81EC72B24974500187F54 = {
			isa = PBXGroup;
			children = (
				04D81ED22B24974500187F54 /* RickAndMortyTest */,
				04D81ED12B24974500187F54 /* Products */,
			);
			sourceTree = "<group>";
		};
		04D81ED12B24974500187F54 /* Products */ = {
			isa = PBXGroup;
			children = (
				04D81ED02B24974500187F54 /* RickAndMortyTest.app */,
			);
			name = Products;
			sourceTree = "<group>";
		};
		04D81ED22B24974500187F54 /* RickAndMortyTest */ = {
			isa = PBXGroup;
			children = (
				04D81EFD2B2A657D00187F54 /* Views */,
				04D81EFA2B25FF2A00187F54 /* Network */,
				04D81EED2B24A9EF00187F54 /* Views */,
				04D81EE92B24A88A00187F54 /* Services */,
				04D81EE72B24A84F00187F54 /* Models */,
				04D81EEA2B24A8DD00187F54 /* SupportingFiles */,
				04D81EE82B24A86100187F54 /* ViewControllers */,
				04D81EEB2B24A98E00187F54 /* Source */,
				04D81EEC2B24A9AE00187F54 /* StoryBoards */,
			);
			path = RickAndMortyTest;
			sourceTree = "<group>";
		};
		04D81EE72B24A84F00187F54 /* Models */ = {
			isa = PBXGroup;
			children = (
				04D81EF22B251DAD00187F54 /* RickAndMortyModel.swift */,
			);
			path = Models;
			sourceTree = "<group>";
		};
		04D81EE82B24A86100187F54 /* ViewControllers */ = {
			isa = PBXGroup;
			children = (
				F4A000CE2B30B5F700CC5312 /* LoadingViewController.swift */,
				04D81ED72B24974500187F54 /* MainViewController.swift */,
				04D81EEE2B24AA5100187F54 /* CharacterDetailsViewController.swift */,
				04D81EF02B24AA8A00187F54 /* FavouritesViewController.swift */,
				04D81EF62B2521A400187F54 /* EpisodesViewController.swift */,
				04D81EF42B251EE200187F54 /* MainTabBarController.swift */,
				F4A000D22B30C61900CC5312 /* SoundController.swift */,
			);
			path = ViewControllers;
			sourceTree = "<group>";
		};
		04D81EE92B24A88A00187F54 /* Services */ = {
			isa = PBXGroup;
			children = (
			);
			path = Services;
			sourceTree = "<group>";
		};
		04D81EEA2B24A8DD00187F54 /* SupportingFiles */ = {
			isa = PBXGroup;
			children = (
				04D81ED32B24974500187F54 /* AppDelegate.swift */,
				04D81ED52B24974500187F54 /* SceneDelegate.swift */,
				04D81EE12B24974800187F54 /* Info.plist */,
			);
			path = SupportingFiles;
			sourceTree = "<group>";
		};
		04D81EEB2B24A98E00187F54 /* Source */ = {
			isa = PBXGroup;
			children = (
				F4A000D02B30C60400CC5312 /* backgroundMusic.mp3 */,
				04D81EDC2B24974800187F54 /* Assets.xcassets */,
			);
			path = Source;
			sourceTree = "<group>";
		};
		04D81EEC2B24A9AE00187F54 /* StoryBoards */ = {
			isa = PBXGroup;
			children = (
				04D81EDE2B24974800187F54 /* LaunchScreen.storyboard */,
			);
			path = StoryBoards;
			sourceTree = "<group>";
		};
		04D81EED2B24A9EF00187F54 /* Views */ = {
			isa = PBXGroup;
			children = (
			);
			path = Views;
			sourceTree = "<group>";
		};
		04D81EFA2B25FF2A00187F54 /* Network */ = {
			isa = PBXGroup;
			children = (
				04D81EFB2B25FF5300187F54 /* NetworkManager.swift */,
			);
			path = Network;
			sourceTree = "<group>";
		};
		04D81EFD2B2A657D00187F54 /* Views */ = {
			isa = PBXGroup;
			children = (
				04D81EF82B25F13C00187F54 /* EpisodeCustomCell.swift */,
			);
			name = Views;
			path = Network/Views;
			sourceTree = "<group>";
		};
/* End PBXGroup section */

/* Begin PBXNativeTarget section */
		04D81ECF2B24974500187F54 /* RickAndMortyTest */ = {
			isa = PBXNativeTarget;
			buildConfigurationList = 04D81EE42B24974800187F54 /* Build configuration list for PBXNativeTarget "RickAndMortyTest" */;
			buildPhases = (
				04D81ECC2B24974500187F54 /* Sources */,
				04D81ECD2B24974500187F54 /* Frameworks */,
				04D81ECE2B24974500187F54 /* Resources */,
			);
			buildRules = (
			);
			dependencies = (
			);
			name = RickAndMortyTest;
			productName = RickAndMortyTest;
			productReference = 04D81ED02B24974500187F54 /* RickAndMortyTest.app */;
			productType = "com.apple.product-type.application";
		};
/* End PBXNativeTarget section */

/* Begin PBXProject section */
		04D81EC82B24974500187F54 /* Project object */ = {
			isa = PBXProject;
			attributes = {
				BuildIndependentTargetsInParallel = 1;
				LastSwiftUpdateCheck = 1500;
				LastUpgradeCheck = 1500;
				TargetAttributes = {
					04D81ECF2B24974500187F54 = {
						CreatedOnToolsVersion = 15.0.1;
					};
				};
			};
			buildConfigurationList = 04D81ECB2B24974500187F54 /* Build configuration list for PBXProject "RickAndMortyTest" */;
			compatibilityVersion = "Xcode 14.0";
			developmentRegion = en;
			hasScannedForEncodings = 0;
			knownRegions = (
				en,
				Base,
			);
			mainGroup = 04D81EC72B24974500187F54;
			productRefGroup = 04D81ED12B24974500187F54 /* Products */;
			projectDirPath = "";
			projectRoot = "";
			targets = (
				04D81ECF2B24974500187F54 /* RickAndMortyTest */,
			);
		};
/* End PBXProject section */

/* Begin PBXResourcesBuildPhase section */
		04D81ECE2B24974500187F54 /* Resources */ = {
			isa = PBXResourcesBuildPhase;
			buildActionMask = 2147483647;
			files = (
				04D81EE02B24974800187F54 /* LaunchScreen.storyboard in Resources */,
				04D81EDD2B24974800187F54 /* Assets.xcassets in Resources */,
				F4A000D12B30C60400CC5312 /* backgroundMusic.mp3 in Resources */,
			);
			runOnlyForDeploymentPostprocessing = 0;
		};
/* End PBXResourcesBuildPhase section */

/* Begin PBXSourcesBuildPhase section */
		04D81ECC2B24974500187F54 /* Sources */ = {
			isa = PBXSourcesBuildPhase;
			buildActionMask = 2147483647;
			files = (
				04D81EF32B251DAD00187F54 /* RickAndMortyModel.swift in Sources */,
				F4A000D32B30C61900CC5312 /* SoundController.swift in Sources */,
				04D81ED82B24974500187F54 /* MainViewController.swift in Sources */,
				04D81EFC2B25FF5300187F54 /* NetworkManager.swift in Sources */,
				04D81EF92B25F13C00187F54 /* EpisodeCustomCell.swift in Sources */,
				04D81EF72B2521A400187F54 /* EpisodesViewController.swift in Sources */,
				04D81EEF2B24AA5100187F54 /* CharacterDetailsViewController.swift in Sources */,
				04D81EF52B251EE200187F54 /* MainTabBarController.swift in Sources */,
				04D81ED42B24974500187F54 /* AppDelegate.swift in Sources */,
				F4A000CF2B30B5F700CC5312 /* LoadingViewController.swift in Sources */,
				04D81EF12B24AA8A00187F54 /* FavouritesViewController.swift in Sources */,
				04D81ED62B24974500187F54 /* SceneDelegate.swift in Sources */,
			);
			runOnlyForDeploymentPostprocessing = 0;
		};
/* End PBXSourcesBuildPhase section */

/* Begin PBXVariantGroup section */
		04D81EDE2B24974800187F54 /* LaunchScreen.storyboard */ = {
			isa = PBXVariantGroup;
			children = (
				04D81EDF2B24974800187F54 /* Base */,
			);
			name = LaunchScreen.storyboard;
			sourceTree = "<group>";
		};
/* End PBXVariantGroup section */

/* Begin XCBuildConfiguration section */
		04D81EE22B24974800187F54 /* Debug */ = {
			isa = XCBuildConfiguration;
			buildSettings = {
				ALWAYS_SEARCH_USER_PATHS = NO;
				ASSETCATALOG_COMPILER_GENERATE_SWIFT_ASSET_SYMBOL_EXTENSIONS = YES;
				CLANG_ANALYZER_NONNULL = YES;
				CLANG_ANALYZER_NUMBER_OBJECT_CONVERSION = YES_AGGRESSIVE;
				CLANG_CXX_LANGUAGE_STANDARD = "gnu++20";
				CLANG_ENABLE_MODULES = YES;
				CLANG_ENABLE_OBJC_ARC = YES;
				CLANG_ENABLE_OBJC_WEAK = YES;
				CLANG_WARN_BLOCK_CAPTURE_AUTORELEASING = YES;
				CLANG_WARN_BOOL_CONVERSION = YES;
				CLANG_WARN_COMMA = YES;
				CLANG_WARN_CONSTANT_CONVERSION = YES;
				CLANG_WARN_DEPRECATED_OBJC_IMPLEMENTATIONS = YES;
				CLANG_WARN_DIRECT_OBJC_ISA_USAGE = YES_ERROR;
				CLANG_WARN_DOCUMENTATION_COMMENTS = YES;
				CLANG_WARN_EMPTY_BODY = YES;
				CLANG_WARN_ENUM_CONVERSION = YES;
				CLANG_WARN_INFINITE_RECURSION = YES;
				CLANG_WARN_INT_CONVERSION = YES;
				CLANG_WARN_NON_LITERAL_NULL_CONVERSION = YES;
				CLANG_WARN_OBJC_IMPLICIT_RETAIN_SELF = YES;
				CLANG_WARN_OBJC_LITERAL_CONVERSION = YES;
				CLANG_WARN_OBJC_ROOT_CLASS = YES_ERROR;
				CLANG_WARN_QUOTED_INCLUDE_IN_FRAMEWORK_HEADER = YES;
				CLANG_WARN_RANGE_LOOP_ANALYSIS = YES;
				CLANG_WARN_STRICT_PROTOTYPES = YES;
				CLANG_WARN_SUSPICIOUS_MOVE = YES;
				CLANG_WARN_UNGUARDED_AVAILABILITY = YES_AGGRESSIVE;
				CLANG_WARN_UNREACHABLE_CODE = YES;
				CLANG_WARN__DUPLICATE_METHOD_MATCH = YES;
				COPY_PHASE_STRIP = NO;
				DEBUG_INFORMATION_FORMAT = dwarf;
				ENABLE_STRICT_OBJC_MSGSEND = YES;
				ENABLE_TESTABILITY = YES;
				ENABLE_USER_SCRIPT_SANDBOXING = YES;
				GCC_C_LANGUAGE_STANDARD = gnu17;
				GCC_DYNAMIC_NO_PIC = NO;
				GCC_NO_COMMON_BLOCKS = YES;
				GCC_OPTIMIZATION_LEVEL = 0;
				GCC_PREPROCESSOR_DEFINITIONS = (
					"DEBUG=1",
					"$(inherited)",
				);
				GCC_WARN_64_TO_32_BIT_CONVERSION = YES;
				GCC_WARN_ABOUT_RETURN_TYPE = YES_ERROR;
				GCC_WARN_UNDECLARED_SELECTOR = YES;
				GCC_WARN_UNINITIALIZED_AUTOS = YES_AGGRESSIVE;
				GCC_WARN_UNUSED_FUNCTION = YES;
				GCC_WARN_UNUSED_VARIABLE = YES;
				IPHONEOS_DEPLOYMENT_TARGET = 17.0;
				LOCALIZATION_PREFERS_STRING_CATALOGS = YES;
				MTL_ENABLE_DEBUG_INFO = INCLUDE_SOURCE;
				MTL_FAST_MATH = YES;
				ONLY_ACTIVE_ARCH = YES;
				SDKROOT = iphoneos;
				SWIFT_ACTIVE_COMPILATION_CONDITIONS = "DEBUG $(inherited)";
				SWIFT_OPTIMIZATION_LEVEL = "-Onone";
			};
			name = Debug;
		};
		04D81EE32B24974800187F54 /* Release */ = {
			isa = XCBuildConfiguration;
			buildSettings = {
				ALWAYS_SEARCH_USER_PATHS = NO;
				ASSETCATALOG_COMPILER_GENERATE_SWIFT_ASSET_SYMBOL_EXTENSIONS = YES;
				CLANG_ANALYZER_NONNULL = YES;
				CLANG_ANALYZER_NUMBER_OBJECT_CONVERSION = YES_AGGRESSIVE;
				CLANG_CXX_LANGUAGE_STANDARD = "gnu++20";
				CLANG_ENABLE_MODULES = YES;
				CLANG_ENABLE_OBJC_ARC = YES;
				CLANG_ENABLE_OBJC_WEAK = YES;
				CLANG_WARN_BLOCK_CAPTURE_AUTORELEASING = YES;
				CLANG_WARN_BOOL_CONVERSION = YES;
				CLANG_WARN_COMMA = YES;
				CLANG_WARN_CONSTANT_CONVERSION = YES;
				CLANG_WARN_DEPRECATED_OBJC_IMPLEMENTATIONS = YES;
				CLANG_WARN_DIRECT_OBJC_ISA_USAGE = YES_ERROR;
				CLANG_WARN_DOCUMENTATION_COMMENTS = YES;
				CLANG_WARN_EMPTY_BODY = YES;
				CLANG_WARN_ENUM_CONVERSION = YES;
				CLANG_WARN_INFINITE_RECURSION = YES;
				CLANG_WARN_INT_CONVERSION = YES;
				CLANG_WARN_NON_LITERAL_NULL_CONVERSION = YES;
				CLANG_WARN_OBJC_IMPLICIT_RETAIN_SELF = YES;
				CLANG_WARN_OBJC_LITERAL_CONVERSION = YES;
				CLANG_WARN_OBJC_ROOT_CLASS = YES_ERROR;
				CLANG_WARN_QUOTED_INCLUDE_IN_FRAMEWORK_HEADER = YES;
				CLANG_WARN_RANGE_LOOP_ANALYSIS = YES;
				CLANG_WARN_STRICT_PROTOTYPES = YES;
				CLANG_WARN_SUSPICIOUS_MOVE = YES;
				CLANG_WARN_UNGUARDED_AVAILABILITY = YES_AGGRESSIVE;
				CLANG_WARN_UNREACHABLE_CODE = YES;
				CLANG_WARN__DUPLICATE_METHOD_MATCH = YES;
				COPY_PHASE_STRIP = NO;
				DEBUG_INFORMATION_FORMAT = "dwarf-with-dsym";
				ENABLE_NS_ASSERTIONS = NO;
				ENABLE_STRICT_OBJC_MSGSEND = YES;
				ENABLE_USER_SCRIPT_SANDBOXING = YES;
				GCC_C_LANGUAGE_STANDARD = gnu17;
				GCC_NO_COMMON_BLOCKS = YES;
				GCC_WARN_64_TO_32_BIT_CONVERSION = YES;
				GCC_WARN_ABOUT_RETURN_TYPE = YES_ERROR;
				GCC_WARN_UNDECLARED_SELECTOR = YES;
				GCC_WARN_UNINITIALIZED_AUTOS = YES_AGGRESSIVE;
				GCC_WARN_UNUSED_FUNCTION = YES;
				GCC_WARN_UNUSED_VARIABLE = YES;
				IPHONEOS_DEPLOYMENT_TARGET = 17.0;
				LOCALIZATION_PREFERS_STRING_CATALOGS = YES;
				MTL_ENABLE_DEBUG_INFO = NO;
				MTL_FAST_MATH = YES;
				SDKROOT = iphoneos;
				SWIFT_COMPILATION_MODE = wholemodule;
				VALIDATE_PRODUCT = YES;
			};
			name = Release;
		};
		04D81EE52B24974800187F54 /* Debug */ = {
			isa = XCBuildConfiguration;
			buildSettings = {
				ASSETCATALOG_COMPILER_APPICON_NAME = AppIcon;
				ASSETCATALOG_COMPILER_GLOBAL_ACCENT_COLOR_NAME = AccentColor;
				CODE_SIGN_STYLE = Automatic;
				CURRENT_PROJECT_VERSION = 1;
				DEVELOPMENT_TEAM = C62KP44N4M;
				GENERATE_INFOPLIST_FILE = YES;
				INFOPLIST_FILE = RickAndMortyTest/SupportingFiles/Info.plist;
				INFOPLIST_KEY_UIApplicationSupportsIndirectInputEvents = YES;
				INFOPLIST_KEY_UILaunchStoryboardName = LaunchScreen;
				INFOPLIST_KEY_UISupportedInterfaceOrientations = UIInterfaceOrientationPortrait;
				INFOPLIST_KEY_UISupportedInterfaceOrientations_iPad = "UIInterfaceOrientationLandscapeLeft UIInterfaceOrientationLandscapeRight UIInterfaceOrientationPortrait UIInterfaceOrientationPortraitUpsideDown";
				IPHONEOS_DEPLOYMENT_TARGET = 15.0;
				LD_RUNPATH_SEARCH_PATHS = (
					"$(inherited)",
					"@executable_path/Frameworks",
				);
				MARKETING_VERSION = 1.0;
				PRODUCT_BUNDLE_IDENTIFIER = FedorWell.RickAndMortyTest;
				PRODUCT_NAME = "$(TARGET_NAME)";
				SUPPORTED_PLATFORMS = "iphoneos iphonesimulator";
				SUPPORTS_MACCATALYST = NO;
				SUPPORTS_MAC_DESIGNED_FOR_IPHONE_IPAD = NO;
				SWIFT_EMIT_LOC_STRINGS = YES;
				SWIFT_VERSION = 5.0;
				TARGETED_DEVICE_FAMILY = 1;
			};
			name = Debug;
		};
		04D81EE62B24974800187F54 /* Release */ = {
			isa = XCBuildConfiguration;
			buildSettings = {
				ASSETCATALOG_COMPILER_APPICON_NAME = AppIcon;
				ASSETCATALOG_COMPILER_GLOBAL_ACCENT_COLOR_NAME = AccentColor;
				CODE_SIGN_STYLE = Automatic;
				CURRENT_PROJECT_VERSION = 1;
				DEVELOPMENT_TEAM = C62KP44N4M;
				GENERATE_INFOPLIST_FILE = YES;
				INFOPLIST_FILE = RickAndMortyTest/SupportingFiles/Info.plist;
				INFOPLIST_KEY_UIApplicationSupportsIndirectInputEvents = YES;
				INFOPLIST_KEY_UILaunchStoryboardName = LaunchScreen;
				INFOPLIST_KEY_UISupportedInterfaceOrientations = UIInterfaceOrientationPortrait;
				INFOPLIST_KEY_UISupportedInterfaceOrientations_iPad = "UIInterfaceOrientationLandscapeLeft UIInterfaceOrientationLandscapeRight UIInterfaceOrientationPortrait UIInterfaceOrientationPortraitUpsideDown";
				IPHONEOS_DEPLOYMENT_TARGET = 15.0;
				LD_RUNPATH_SEARCH_PATHS = (
					"$(inherited)",
					"@executable_path/Frameworks",
				);
				MARKETING_VERSION = 1.0;
				PRODUCT_BUNDLE_IDENTIFIER = FedorWell.RickAndMortyTest;
				PRODUCT_NAME = "$(TARGET_NAME)";
				SUPPORTED_PLATFORMS = "iphoneos iphonesimulator";
				SUPPORTS_MACCATALYST = NO;
				SUPPORTS_MAC_DESIGNED_FOR_IPHONE_IPAD = NO;
				SWIFT_EMIT_LOC_STRINGS = YES;
				SWIFT_VERSION = 5.0;
				TARGETED_DEVICE_FAMILY = 1;
			};
			name = Release;
		};
/* End XCBuildConfiguration section */

/* Begin XCConfigurationList section */
		04D81ECB2B24974500187F54 /* Build configuration list for PBXProject "RickAndMortyTest" */ = {
			isa = XCConfigurationList;
			buildConfigurations = (
				04D81EE22B24974800187F54 /* Debug */,
				04D81EE32B24974800187F54 /* Release */,
			);
			defaultConfigurationIsVisible = 0;
			defaultConfigurationName = Release;
		};
		04D81EE42B24974800187F54 /* Build configuration list for PBXNativeTarget "RickAndMortyTest" */ = {
			isa = XCConfigurationList;
			buildConfigurations = (
				04D81EE52B24974800187F54 /* Debug */,
				04D81EE62B24974800187F54 /* Release */,
			);
			defaultConfigurationIsVisible = 0;
			defaultConfigurationName = Release;
		};
/* End XCConfigurationList section */
	};
	rootObject = 04D81EC82B24974500187F54 /* Project object */;
}
